// !$*UTF8*$!
{
	archiveVersion = 1;
	classes = {
	};
	objectVersion = 46;
	objects = {

/* Begin PBXBuildFile section */
		BA6A41201A7B6C69001A1988 /* main.c in Sources */ = {isa = PBXBuildFile; fileRef = BA6A411E1A7B6C69001A1988 /* main.c */; };
		BA6A41211A7B6C69001A1988 /* ringbuffer.c in Sources */ = {isa = PBXBuildFile; fileRef = BA6A411F1A7B6C69001A1988 /* ringbuffer.c */; };
		BA6A41271A7B6F29001A1988 /* libportaudio.a in Frameworks */ = {isa = PBXBuildFile; fileRef = BA6A41261A7B6F29001A1988 /* libportaudio.a */; };
		BA8387341A7F3C18000CD40D /* Delay.c in Sources */ = {isa = PBXBuildFile; fileRef = BA8387331A7F3C18000CD40D /* Delay.c */; };
		BA83873A1A7F3C46000CD40D /* AudioToolbox.framework in Frameworks */ = {isa = PBXBuildFile; fileRef = BA8387351A7F3C46000CD40D /* AudioToolbox.framework */; };
		BA83873B1A7F3C46000CD40D /* AudioUnit.framework in Frameworks */ = {isa = PBXBuildFile; fileRef = BA8387361A7F3C46000CD40D /* AudioUnit.framework */; };
		BA83873C1A7F3C46000CD40D /* CoreAudio.framework in Frameworks */ = {isa = PBXBuildFile; fileRef = BA8387371A7F3C46000CD40D /* CoreAudio.framework */; };
		BA83873D1A7F3C46000CD40D /* CoreFoundation.framework in Frameworks */ = {isa = PBXBuildFile; fileRef = BA8387381A7F3C46000CD40D /* CoreFoundation.framework */; };
		BA83873E1A7F3C46000CD40D /* CoreServices.framework in Frameworks */ = {isa = PBXBuildFile; fileRef = BA8387391A7F3C46000CD40D /* CoreServices.framework */; };
/* End PBXBuildFile section */

/* Begin PBXCopyFilesBuildPhase section */
		BA6A41101A7B6BAC001A1988 /* CopyFiles */ = {
			isa = PBXCopyFilesBuildPhase;
			buildActionMask = 2147483647;
			dstPath = /usr/share/man/man1/;
			dstSubfolderSpec = 0;
			files = (
			);
			runOnlyForDeploymentPostprocessing = 1;
		};
/* End PBXCopyFilesBuildPhase section */

/* Begin PBXFileReference section */
		BA6A41121A7B6BAC001A1988 /* delay */ = {isa = PBXFileReference; explicitFileType = "compiled.mach-o.executable"; includeInIndex = 0; path = delay; sourceTree = BUILT_PRODUCTS_DIR; };
		BA6A411E1A7B6C69001A1988 /* main.c */ = {isa = PBXFileReference; fileEncoding = 4; lastKnownFileType = sourcecode.c.c; name = main.c; path = ../../../src/main.c; sourceTree = "<group>"; };
		BA6A411F1A7B6C69001A1988 /* ringbuffer.c */ = {isa = PBXFileReference; fileEncoding = 4; lastKnownFileType = sourcecode.c.c; name = ringbuffer.c; path = ../../../src/ringbuffer.c; sourceTree = "<group>"; };
		BA6A41261A7B6F29001A1988 /* libportaudio.a */ = {isa = PBXFileReference; lastKnownFileType = archive.ar; name = libportaudio.a; path = ../../lib/libportaudio.a; sourceTree = "<group>"; };
		BA8387331A7F3C18000CD40D /* Delay.c */ = {isa = PBXFileReference; fileEncoding = 4; lastKnownFileType = sourcecode.c.c; name = Delay.c; path = ../../../src/Delay.c; sourceTree = "<group>"; };
		BA8387351A7F3C46000CD40D /* AudioToolbox.framework */ = {isa = PBXFileReference; lastKnownFileType = wrapper.framework; name = AudioToolbox.framework; path = System/Library/Frameworks/AudioToolbox.framework; sourceTree = SDKROOT; };
		BA8387361A7F3C46000CD40D /* AudioUnit.framework */ = {isa = PBXFileReference; lastKnownFileType = wrapper.framework; name = AudioUnit.framework; path = System/Library/Frameworks/AudioUnit.framework; sourceTree = SDKROOT; };
		BA8387371A7F3C46000CD40D /* CoreAudio.framework */ = {isa = PBXFileReference; lastKnownFileType = wrapper.framework; name = CoreAudio.framework; path = System/Library/Frameworks/CoreAudio.framework; sourceTree = SDKROOT; };
		BA8387381A7F3C46000CD40D /* CoreFoundation.framework */ = {isa = PBXFileReference; lastKnownFileType = wrapper.framework; name = CoreFoundation.framework; path = System/Library/Frameworks/CoreFoundation.framework; sourceTree = SDKROOT; };
		BA8387391A7F3C46000CD40D /* CoreServices.framework */ = {isa = PBXFileReference; lastKnownFileType = wrapper.framework; name = CoreServices.framework; path = System/Library/Frameworks/CoreServices.framework; sourceTree = SDKROOT; };
/* End PBXFileReference section */

/* Begin PBXFrameworksBuildPhase section */
		BA6A410F1A7B6BAC001A1988 /* Frameworks */ = {
			isa = PBXFrameworksBuildPhase;
			buildActionMask = 2147483647;
			files = (
				BA83873A1A7F3C46000CD40D /* AudioToolbox.framework in Frameworks */,
				BA83873B1A7F3C46000CD40D /* AudioUnit.framework in Frameworks */,
				BA83873C1A7F3C46000CD40D /* CoreAudio.framework in Frameworks */,
				BA83873D1A7F3C46000CD40D /* CoreFoundation.framework in Frameworks */,
				BA83873E1A7F3C46000CD40D /* CoreServices.framework in Frameworks */,
				BA6A41271A7B6F29001A1988 /* libportaudio.a in Frameworks */,
			);
			runOnlyForDeploymentPostprocessing = 0;
		};
/* End PBXFrameworksBuildPhase section */

/* Begin PBXGroup section */
		BA6A41091A7B6BAC001A1988 = {
			isa = PBXGroup;
			children = (
				BA6A41251A7B6EFA001A1988 /* lib */,
				BA6A41141A7B6BAC001A1988 /* delay */,
				BA6A41131A7B6BAC001A1988 /* Products */,
			);
			sourceTree = "<group>";
		};
		BA6A41131A7B6BAC001A1988 /* Products */ = {
			isa = PBXGroup;
			children = (
				BA6A41121A7B6BAC001A1988 /* delay */,
			);
			name = Products;
			sourceTree = "<group>";
		};
		BA6A41141A7B6BAC001A1988 /* delay */ = {
			isa = PBXGroup;
			children = (
				BA8387331A7F3C18000CD40D /* Delay.c */,
				BA6A411E1A7B6C69001A1988 /* main.c */,
				BA6A411F1A7B6C69001A1988 /* ringbuffer.c */,
			);
			path = delay;
			sourceTree = "<group>";
		};
		BA6A41251A7B6EFA001A1988 /* lib */ = {
			isa = PBXGroup;
			children = (
				BA8387351A7F3C46000CD40D /* AudioToolbox.framework */,
				BA8387361A7F3C46000CD40D /* AudioUnit.framework */,
				BA8387371A7F3C46000CD40D /* CoreAudio.framework */,
				BA8387381A7F3C46000CD40D /* CoreFoundation.framework */,
				BA8387391A7F3C46000CD40D /* CoreServices.framework */,
				BA6A41261A7B6F29001A1988 /* libportaudio.a */,
			);
			name = lib;
			sourceTree = "<group>";
		};
/* End PBXGroup section */

/* Begin PBXNativeTarget section */
		BA6A41111A7B6BAC001A1988 /* delay */ = {
			isa = PBXNativeTarget;
			buildConfigurationList = BA6A411B1A7B6BAC001A1988 /* Build configuration list for PBXNativeTarget "delay" */;
			buildPhases = (
				BA6A410E1A7B6BAC001A1988 /* Sources */,
				BA6A410F1A7B6BAC001A1988 /* Frameworks */,
				BA6A41101A7B6BAC001A1988 /* CopyFiles */,
			);
			buildRules = (
			);
			dependencies = (
			);
			name = delay;
			productName = delay;
			productReference = BA6A41121A7B6BAC001A1988 /* delay */;
			productType = "com.apple.product-type.tool";
		};
/* End PBXNativeTarget section */

/* Begin PBXProject section */
		BA6A410A1A7B6BAC001A1988 /* Project object */ = {
			isa = PBXProject;
			attributes = {
				LastUpgradeCheck = 0510;
				ORGANIZATIONNAME = "Matthew Hosack";
			};
			buildConfigurationList = BA6A410D1A7B6BAC001A1988 /* Build configuration list for PBXProject "delay" */;
			compatibilityVersion = "Xcode 3.2";
			developmentRegion = English;
			hasScannedForEncodings = 0;
			knownRegions = (
				en,
			);
			mainGroup = BA6A41091A7B6BAC001A1988;
			productRefGroup = BA6A41131A7B6BAC001A1988 /* Products */;
			projectDirPath = "";
			projectRoot = "";
			targets = (
				BA6A41111A7B6BAC001A1988 /* delay */,
			);
		};
/* End PBXProject section */

/* Begin PBXSourcesBuildPhase section */
		BA6A410E1A7B6BAC001A1988 /* Sources */ = {
			isa = PBXSourcesBuildPhase;
			buildActionMask = 2147483647;
			files = (
				BA8387341A7F3C18000CD40D /* Delay.c in Sources */,
				BA6A41201A7B6C69001A1988 /* main.c in Sources */,
				BA6A41211A7B6C69001A1988 /* ringbuffer.c in Sources */,
			);
			runOnlyForDeploymentPostprocessing = 0;
		};
/* End PBXSourcesBuildPhase section */

/* Begin XCBuildConfiguration section */
		BA6A41191A7B6BAC001A1988 /* Debug */ = {
			isa = XCBuildConfiguration;
			buildSettings = {
				ALWAYS_SEARCH_USER_PATHS = NO;
				CLANG_CXX_LANGUAGE_STANDARD = "gnu++0x";
				CLANG_CXX_LIBRARY = "libc++";
				CLANG_ENABLE_MODULES = YES;
				CLANG_ENABLE_OBJC_ARC = YES;
				CLANG_WARN_BOOL_CONVERSION = YES;
				CLANG_WARN_CONSTANT_CONVERSION = YES;
				CLANG_WARN_DIRECT_OBJC_ISA_USAGE = YES_ERROR;
				CLANG_WARN_EMPTY_BODY = YES;
				CLANG_WARN_ENUM_CONVERSION = YES;
				CLANG_WARN_INT_CONVERSION = YES;
				CLANG_WARN_OBJC_ROOT_CLASS = YES_ERROR;
				CLANG_WARN__DUPLICATE_METHOD_MATCH = YES;
				COPY_PHASE_STRIP = NO;
				GCC_C_LANGUAGE_STANDARD = gnu99;
				GCC_DYNAMIC_NO_PIC = NO;
				GCC_ENABLE_OBJC_EXCEPTIONS = YES;
				GCC_OPTIMIZATION_LEVEL = 0;
				GCC_PREPROCESSOR_DEFINITIONS = (
					"DEBUG=1",
					"$(inherited)",
				);
				GCC_SYMBOLS_PRIVATE_EXTERN = NO;
				GCC_WARN_64_TO_32_BIT_CONVERSION = YES;
				GCC_WARN_ABOUT_RETURN_TYPE = YES_ERROR;
				GCC_WARN_UNDECLARED_SELECTOR = YES;
				GCC_WARN_UNINITIALIZED_AUTOS = YES_AGGRESSIVE;
				GCC_WARN_UNUSED_FUNCTION = YES;
				GCC_WARN_UNUSED_VARIABLE = YES;
				MACOSX_DEPLOYMENT_TARGET = 10.8;
				ONLY_ACTIVE_ARCH = YES;
				SDKROOT = macosx;
			};
			name = Debug;
		};
		BA6A411A1A7B6BAC001A1988 /* Release */ = {
			isa = XCBuildConfiguration;
			buildSettings = {
				ALWAYS_SEARCH_USER_PATHS = NO;
				CLANG_CXX_LANGUAGE_STANDARD = "gnu++0x";
				CLANG_CXX_LIBRARY = "libc++";
				CLANG_ENABLE_MODULES = YES;
				CLANG_ENABLE_OBJC_ARC = YES;
				CLANG_WARN_BOOL_CONVERSION = YES;
				CLANG_WARN_CONSTANT_CONVERSION = YES;
				CLANG_WARN_DIRECT_OBJC_ISA_USAGE = YES_ERROR;
				CLANG_WARN_EMPTY_BODY = YES;
				CLANG_WARN_ENUM_CONVERSION = YES;
				CLANG_WARN_INT_CONVERSION = YES;
				CLANG_WARN_OBJC_ROOT_CLASS = YES_ERROR;
				CLANG_WARN__DUPLICATE_METHOD_MATCH = YES;
				COPY_PHASE_STRIP = YES;
				DEBUG_INFORMATION_FORMAT = "dwarf-with-dsym";
				ENABLE_NS_ASSERTIONS = NO;
				GCC_C_LANGUAGE_STANDARD = gnu99;
				GCC_ENABLE_OBJC_EXCEPTIONS = YES;
				GCC_WARN_64_TO_32_BIT_CONVERSION = YES;
				GCC_WARN_ABOUT_RETURN_TYPE = YES_ERROR;
				GCC_WARN_UNDECLARED_SELECTOR = YES;
				GCC_WARN_UNINITIALIZED_AUTOS = YES_AGGRESSIVE;
				GCC_WARN_UNUSED_FUNCTION = YES;
				GCC_WARN_UNUSED_VARIABLE = YES;
				MACOSX_DEPLOYMENT_TARGET = 10.8;
				SDKROOT = macosx;
			};
			name = Release;
		};
		BA6A411C1A7B6BAC001A1988 /* Debug */ = {
			isa = XCBuildConfiguration;
			buildSettings = {
				LIBRARY_SEARCH_PATHS = (
					../../../portaudio/lib/osx_x86,
					"$(inherited)",
				);
				PRODUCT_NAME = "$(TARGET_NAME)";
				USER_HEADER_SEARCH_PATHS = "../../../portaudio/include ../../include";
			};
			name = Debug;
		};
		BA6A411D1A7B6BAC001A1988 /* Release */ = {
			isa = XCBuildConfiguration;
			buildSettings = {
				LIBRARY_SEARCH_PATHS = (
					../../../portaudio/lib/osx_x86,
					"$(inherited)",
				);
				PRODUCT_NAME = "$(TARGET_NAME)";
				USER_HEADER_SEARCH_PATHS = "../../../portaudio/include ../../include";
			};
			name = Release;
		};
/* End XCBuildConfiguration section */

/* Begin XCConfigurationList section */
		BA6A410D1A7B6BAC001A1988 /* Build configuration list for PBXProject "delay" */ = {
			isa = XCConfigurationList;
			buildConfigurations = (
				BA6A41191A7B6BAC001A1988 /* Debug */,
				BA6A411A1A7B6BAC001A1988 /* Release */,
			);
			defaultConfigurationIsVisible = 0;
			defaultConfigurationName = Release;
		};
		BA6A411B1A7B6BAC001A1988 /* Build configuration list for PBXNativeTarget "delay" */ = {
			isa = XCConfigurationList;
			buildConfigurations = (
				BA6A411C1A7B6BAC001A1988 /* Debug */,
				BA6A411D1A7B6BAC001A1988 /* Release */,
			);
			defaultConfigurationIsVisible = 0;
			defaultConfigurationName = Release;
		};
/* End XCConfigurationList section */
	};
	rootObject = BA6A410A1A7B6BAC001A1988 /* Project object */;
}
